Microsoft Visual Studio Solution File, Format Version 12.00
# Visual Studio 2012
Project("{8BC9CEB8-8B4A-11D0-8D11-00A0C91BC942}") = "ALL_BUILD", "ALL_BUILD.vcxproj", "{0B247070-23E5-4FED-8E70-A418C9AD55B3}"
	ProjectSection(ProjectDependencies) = postProject
		{4FF2334E-A018-4F45-9C30-12C8D29A60CB} = {4FF2334E-A018-4F45-9C30-12C8D29A60CB}
		{67F66373-D458-44E1-AEA5-FD89C90897C6} = {67F66373-D458-44E1-AEA5-FD89C90897C6}
	EndProjectSection
EndProject
Project("{8BC9CEB8-8B4A-11D0-8D11-00A0C91BC942}") = "MeshSegmentation", "MeshSegmentation.vcxproj", "{4FF2334E-A018-4F45-9C30-12C8D29A60CB}"
	ProjectSection(ProjectDependencies) = postProject
		{67F66373-D458-44E1-AEA5-FD89C90897C6} = {67F66373-D458-44E1-AEA5-FD89C90897C6}
	EndProjectSection
EndProject
Project("{8BC9CEB8-8B4A-11D0-8D11-00A0C91BC942}") = "ZERO_CHECK", "ZERO_CHECK.vcxproj", "{67F66373-D458-44E1-AEA5-FD89C90897C6}"
	ProjectSection(ProjectDependencies) = postProject
	EndProjectSection
EndProject
Global
	GlobalSection(SolutionConfigurationPlatforms) = preSolution
		Debug|x64 = Debug|x64
		Release|x64 = Release|x64
		MinSizeRel|x64 = MinSizeRel|x64
		RelWithDebInfo|x64 = RelWithDebInfo|x64
	EndGlobalSection
	GlobalSection(ProjectConfigurationPlatforms) = postSolution
		{0B247070-23E5-4FED-8E70-A418C9AD55B3}.Debug|x64.ActiveCfg = Debug|x64
		{0B247070-23E5-4FED-8E70-A418C9AD55B3}.Release|x64.ActiveCfg = Release|x64
		{0B247070-23E5-4FED-8E70-A418C9AD55B3}.MinSizeRel|x64.ActiveCfg = MinSizeRel|x64
		{0B247070-23E5-4FED-8E70-A418C9AD55B3}.RelWithDebInfo|x64.ActiveCfg = RelWithDebInfo|x64
		{4FF2334E-A018-4F45-9C30-12C8D29A60CB}.Debug|x64.ActiveCfg = Debug|x64
		{4FF2334E-A018-4F45-9C30-12C8D29A60CB}.Debug|x64.Build.0 = Debug|x64
		{4FF2334E-A018-4F45-9C30-12C8D29A60CB}.Release|x64.ActiveCfg = Release|x64
		{4FF2334E-A018-4F45-9C30-12C8D29A60CB}.Release|x64.Build.0 = Release|x64
		{4FF2334E-A018-4F45-9C30-12C8D29A60CB}.MinSizeRel|x64.ActiveCfg = MinSizeRel|x64
		{4FF2334E-A018-4F45-9C30-12C8D29A60CB}.MinSizeRel|x64.Build.0 = MinSizeRel|x64
		{4FF2334E-A018-4F45-9C30-12C8D29A60CB}.RelWithDebInfo|x64.ActiveCfg = RelWithDebInfo|x64
		{4FF2334E-A018-4F45-9C30-12C8D29A60CB}.RelWithDebInfo|x64.Build.0 = RelWithDebInfo|x64
		{67F66373-D458-44E1-AEA5-FD89C90897C6}.Debug|x64.ActiveCfg = Debug|x64
		{67F66373-D458-44E1-AEA5-FD89C90897C6}.Debug|x64.Build.0 = Debug|x64
		{67F66373-D458-44E1-AEA5-FD89C90897C6}.Release|x64.ActiveCfg = Release|x64
		{67F66373-D458-44E1-AEA5-FD89C90897C6}.Release|x64.Build.0 = Release|x64
		{67F66373-D458-44E1-AEA5-FD89C90897C6}.MinSizeRel|x64.ActiveCfg = MinSizeRel|x64
		{67F66373-D458-44E1-AEA5-FD89C90897C6}.MinSizeRel|x64.Build.0 = MinSizeRel|x64
		{67F66373-D458-44E1-AEA5-FD89C90897C6}.RelWithDebInfo|x64.ActiveCfg = RelWithDebInfo|x64
		{67F66373-D458-44E1-AEA5-FD89C90897C6}.RelWithDebInfo|x64.Build.0 = RelWithDebInfo|x64
	EndGlobalSection
	GlobalSection(ExtensibilityGlobals) = postSolution
	EndGlobalSection
	GlobalSection(ExtensibilityAddIns) = postSolution
	EndGlobalSection
EndGlobal
